
Microsoft Visual Studio Solution File, Format Version 12.00
# Visual Studio 15
VisualStudioVersion = 15.0.28307.329
MinimumVisualStudioVersion = 10.0.40219.1
Project("{FAE04EC0-301F-11D3-BF4B-00C04F79EFBC}") = "FinalProject", "FinalProject\FinalProject.csproj", "{55264483-D461-4BB1-AF01-57417570B9B5}"
EndProject
Project("{FAE04EC0-301F-11D3-BF4B-00C04F79EFBC}") = "FinalProject.Tests", "FinalProject.Tests\FinalProject.Tests.csproj", "{560D8231-34DE-43AD-A44E-490926A8EF43}"
EndProject
Global
	GlobalSection(SolutionConfigurationPlatforms) = preSolution
		Debug|Any CPU = Debug|Any CPU
		Release|Any CPU = Release|Any CPU
	EndGlobalSection
	GlobalSection(ProjectConfigurationPlatforms) = postSolution
		{55264483-D461-4BB1-AF01-57417570B9B5}.Debug|Any CPU.ActiveCfg = Debug|Any CPU
		{55264483-D461-4BB1-AF01-57417570B9B5}.Debug|Any CPU.Build.0 = Debug|Any CPU
		{55264483-D461-4BB1-AF01-57417570B9B5}.Release|Any CPU.ActiveCfg = Release|Any CPU
		{55264483-D461-4BB1-AF01-57417570B9B5}.Release|Any CPU.Build.0 = Release|Any CPU
		{560D8231-34DE-43AD-A44E-490926A8EF43}.Debug|Any CPU.ActiveCfg = Debug|Any CPU
		{560D8231-34DE-43AD-A44E-490926A8EF43}.Debug|Any CPU.Build.0 = Debug|Any CPU
		{560D8231-34DE-43AD-A44E-490926A8EF43}.Release|Any CPU.ActiveCfg = Release|Any CPU
		{560D8231-34DE-43AD-A44E-490926A8EF43}.Release|Any CPU.Build.0 = Release|Any CPU
	EndGlobalSection
	GlobalSection(SolutionProperties) = preSolution
		HideSolutionNode = FALSE
	EndGlobalSection
	GlobalSection(ExtensibilityGlobals) = postSolution
		SolutionGuid = {EE049462-8E50-4820-A82A-0A47D31A0BAE}
	EndGlobalSection
EndGlobal
